# generated by rye
# use `rye lock` or `rye sync` to update this lockfile
#
# last locked with the following flags:
#   pre: false
#   features: []
#   all-features: false
#   with-sources: false
#   generate-hashes: false

-e file:.
asttokens==2.4.1
    # via stack-data
black==24.4.2
click==8.1.7
    # via black
    # via pdfebook
decorator==5.1.1
    # via ipython
defusedxml==0.7.1
    # via fpdf2
executing==2.0.1
    # via stack-data
fonttools==4.53.0
    # via fpdf2
fpdf2==2.7.9
    # via pdfebook
ipython==8.25.0
jedi==0.19.1
    # via ipython
matplotlib-inline==0.1.7
    # via ipython
mypy-extensions==1.0.0
    # via black
packaging==24.1
    # via black
parso==0.8.4
    # via jedi
pathspec==0.12.1
    # via black
pexpect==4.9.0
    # via ipython
pillow==10.3.0
    # via fpdf2
platformdirs==4.2.2
    # via black
prompt-toolkit==3.0.47
    # via ipython
ptyprocess==0.7.0
    # via pexpect
pure-eval==0.2.2
    # via stack-data
pygments==2.18.0
    # via ipython
pypdf==4.2.0
    # via pdfebook
six==1.16.0
    # via asttokens
stack-data==0.6.3
    # via ipython
traitlets==5.14.3
    # via ipython
    # via matplotlib-inline
wcwidth==0.2.13
    # via prompt-toolkit
