# generated by rye
# use `rye lock` or `rye sync` to update this lockfile
#
# last locked with the following flags:
#   pre: false
#   features: []
#   all-features: false
#   with-sources: false
#   generate-hashes: false

-e file:.
click==8.1.7
    # via pdfebook
defusedxml==0.7.1
    # via fpdf2
fonttools==4.53.0
    # via fpdf2
fpdf2==2.7.9
    # via pdfebook
pillow==10.3.0
    # via fpdf2
pypdf==4.2.0
    # via pdfebook
